
Microsoft Visual Studio Solution File, Format Version 12.00
# Visual Studio Version 16
VisualStudioVersion = 16.0.31205.134
MinimumVisualStudioVersion = 10.0.40219.1
Project("{9A19103F-16F7-4668-BE54-9A1E7A4F7556}") = "MultiplicationTable", "MultiplicationTable.csproj", "{17CFE90B-3EC1-42DF-A60E-97FBE90ED9E5}"
EndProject
Global
	GlobalSection(SolutionConfigurationPlatforms) = preSolution
		Debug|Any CPU = Debug|Any CPU
		Release|Any CPU = Release|Any CPU
	EndGlobalSection
	GlobalSection(ProjectConfigurationPlatforms) = postSolution
		{17CFE90B-3EC1-42DF-A60E-97FBE90ED9E5}.Debug|Any CPU.ActiveCfg = Debug|Any CPU
		{17CFE90B-3EC1-42DF-A60E-97FBE90ED9E5}.Debug|Any CPU.Build.0 = Debug|Any CPU
		{17CFE90B-3EC1-42DF-A60E-97FBE90ED9E5}.Release|Any CPU.ActiveCfg = Release|Any CPU
		{17CFE90B-3EC1-42DF-A60E-97FBE90ED9E5}.Release|Any CPU.Build.0 = Release|Any CPU
	EndGlobalSection
	GlobalSection(SolutionProperties) = preSolution
		HideSolutionNode = FALSE
	EndGlobalSection
	GlobalSection(ExtensibilityGlobals) = postSolution
		SolutionGuid = {7D27F273-9C1A-4820-96FB-B78EBF27C29E}
	EndGlobalSection
EndGlobal
