
Microsoft Visual Studio Solution File, Format Version 12.00
# Visual Studio Version 16
VisualStudioVersion = 16.0.31205.134
MinimumVisualStudioVersion = 10.0.40219.1
Project("{FAE04EC0-301F-11D3-BF4B-00C04F79EFBC}") = "HeapPermutation", "HeapPermutation.csproj", "{28EF0BAF-7E00-4A35-93E6-4E1B6DE55D63}"
EndProject
Global
	GlobalSection(SolutionConfigurationPlatforms) = preSolution
		Debug|Any CPU = Debug|Any CPU
		Release|Any CPU = Release|Any CPU
	EndGlobalSection
	GlobalSection(ProjectConfigurationPlatforms) = postSolution
		{28EF0BAF-7E00-4A35-93E6-4E1B6DE55D63}.Debug|Any CPU.ActiveCfg = Debug|Any CPU
		{28EF0BAF-7E00-4A35-93E6-4E1B6DE55D63}.Debug|Any CPU.Build.0 = Debug|Any CPU
		{28EF0BAF-7E00-4A35-93E6-4E1B6DE55D63}.Release|Any CPU.ActiveCfg = Release|Any CPU
		{28EF0BAF-7E00-4A35-93E6-4E1B6DE55D63}.Release|Any CPU.Build.0 = Release|Any CPU
	EndGlobalSection
	GlobalSection(SolutionProperties) = preSolution
		HideSolutionNode = FALSE
	EndGlobalSection
	GlobalSection(ExtensibilityGlobals) = postSolution
		SolutionGuid = {F90012B9-AF92-460F-9A98-3B40481EBF80}
	EndGlobalSection
EndGlobal
