
Microsoft Visual Studio Solution File, Format Version 12.00
# Visual Studio Version 16
VisualStudioVersion = 16.0.31410.357
MinimumVisualStudioVersion = 10.0.40219.1
Project("{FAE04EC0-301F-11D3-BF4B-00C04F79EFBC}") = "NextGreaterElement", "NextGreaterElement.csproj", "{E3EB3352-2EBA-4D22-BAC9-4B21B65A9D42}"
EndProject
Global
	GlobalSection(SolutionConfigurationPlatforms) = preSolution
		Debug|Any CPU = Debug|Any CPU
		Release|Any CPU = Release|Any CPU
	EndGlobalSection
	GlobalSection(ProjectConfigurationPlatforms) = postSolution
		{E3EB3352-2EBA-4D22-BAC9-4B21B65A9D42}.Debug|Any CPU.ActiveCfg = Debug|Any CPU
		{E3EB3352-2EBA-4D22-BAC9-4B21B65A9D42}.Debug|Any CPU.Build.0 = Debug|Any CPU
		{E3EB3352-2EBA-4D22-BAC9-4B21B65A9D42}.Release|Any CPU.ActiveCfg = Release|Any CPU
		{E3EB3352-2EBA-4D22-BAC9-4B21B65A9D42}.Release|Any CPU.Build.0 = Release|Any CPU
	EndGlobalSection
	GlobalSection(SolutionProperties) = preSolution
		HideSolutionNode = FALSE
	EndGlobalSection
	GlobalSection(ExtensibilityGlobals) = postSolution
		SolutionGuid = {8E57482C-AB1E-40D0-9560-C06CBD4EF85D}
	EndGlobalSection
EndGlobal
