
Microsoft Visual Studio Solution File, Format Version 12.00
# Visual Studio Version 16
VisualStudioVersion = 16.0.31410.357
MinimumVisualStudioVersion = 10.0.40219.1
Project("{FAE04EC0-301F-11D3-BF4B-00C04F79EFBC}") = "MergeSortedSLL", "MergeSortedSLL.csproj", "{7BE4D207-CBED-46CB-A15C-1B07FAEA925C}"
EndProject
Global
	GlobalSection(SolutionConfigurationPlatforms) = preSolution
		Debug|Any CPU = Debug|Any CPU
		Release|Any CPU = Release|Any CPU
	EndGlobalSection
	GlobalSection(ProjectConfigurationPlatforms) = postSolution
		{7BE4D207-CBED-46CB-A15C-1B07FAEA925C}.Debug|Any CPU.ActiveCfg = Debug|Any CPU
		{7BE4D207-CBED-46CB-A15C-1B07FAEA925C}.Debug|Any CPU.Build.0 = Debug|Any CPU
		{7BE4D207-CBED-46CB-A15C-1B07FAEA925C}.Release|Any CPU.ActiveCfg = Release|Any CPU
		{7BE4D207-CBED-46CB-A15C-1B07FAEA925C}.Release|Any CPU.Build.0 = Release|Any CPU
	EndGlobalSection
	GlobalSection(SolutionProperties) = preSolution
		HideSolutionNode = FALSE
	EndGlobalSection
	GlobalSection(ExtensibilityGlobals) = postSolution
		SolutionGuid = {1299F7DC-C94B-4E96-9A5D-79A61E053EA9}
	EndGlobalSection
EndGlobal
