
Microsoft Visual Studio Solution File, Format Version 12.00
# Visual Studio Version 16
VisualStudioVersion = 16.0.31410.357
MinimumVisualStudioVersion = 10.0.40219.1
Project("{FAE04EC0-301F-11D3-BF4B-00C04F79EFBC}") = "FirstNNumberSum", "FirstNNumberSum.csproj", "{298AD078-E1A3-4E30-BBD4-449C93438FE5}"
EndProject
Global
	GlobalSection(SolutionConfigurationPlatforms) = preSolution
		Debug|Any CPU = Debug|Any CPU
		Release|Any CPU = Release|Any CPU
	EndGlobalSection
	GlobalSection(ProjectConfigurationPlatforms) = postSolution
		{298AD078-E1A3-4E30-BBD4-449C93438FE5}.Debug|Any CPU.ActiveCfg = Debug|Any CPU
		{298AD078-E1A3-4E30-BBD4-449C93438FE5}.Debug|Any CPU.Build.0 = Debug|Any CPU
		{298AD078-E1A3-4E30-BBD4-449C93438FE5}.Release|Any CPU.ActiveCfg = Release|Any CPU
		{298AD078-E1A3-4E30-BBD4-449C93438FE5}.Release|Any CPU.Build.0 = Release|Any CPU
	EndGlobalSection
	GlobalSection(SolutionProperties) = preSolution
		HideSolutionNode = FALSE
	EndGlobalSection
	GlobalSection(ExtensibilityGlobals) = postSolution
		SolutionGuid = {BE9BF58F-B963-45CC-86C7-2507352E53B0}
	EndGlobalSection
EndGlobal
