
Microsoft Visual Studio Solution File, Format Version 12.00
# Visual Studio Version 16
VisualStudioVersion = 16.0.31205.134
MinimumVisualStudioVersion = 10.0.40219.1
Project("{9A19103F-16F7-4668-BE54-9A1E7A4F7556}") = "InsertionSort", "InsertionSort.csproj", "{3B17EF66-3199-401D-B40A-A4B91ACE0676}"
EndProject
Global
	GlobalSection(SolutionConfigurationPlatforms) = preSolution
		Debug|Any CPU = Debug|Any CPU
		Release|Any CPU = Release|Any CPU
	EndGlobalSection
	GlobalSection(ProjectConfigurationPlatforms) = postSolution
		{3B17EF66-3199-401D-B40A-A4B91ACE0676}.Debug|Any CPU.ActiveCfg = Debug|Any CPU
		{3B17EF66-3199-401D-B40A-A4B91ACE0676}.Debug|Any CPU.Build.0 = Debug|Any CPU
		{3B17EF66-3199-401D-B40A-A4B91ACE0676}.Release|Any CPU.ActiveCfg = Release|Any CPU
		{3B17EF66-3199-401D-B40A-A4B91ACE0676}.Release|Any CPU.Build.0 = Release|Any CPU
	EndGlobalSection
	GlobalSection(SolutionProperties) = preSolution
		HideSolutionNode = FALSE
	EndGlobalSection
	GlobalSection(ExtensibilityGlobals) = postSolution
		SolutionGuid = {4BD64F5C-E841-49A3-8EDE-03384208F72B}
	EndGlobalSection
EndGlobal
