
Microsoft Visual Studio Solution File, Format Version 12.00
# Visual Studio Version 16
VisualStudioVersion = 16.0.31410.357
MinimumVisualStudioVersion = 10.0.40219.1
Project("{FAE04EC0-301F-11D3-BF4B-00C04F79EFBC}") = "AtoI", "AtoI.csproj", "{95D62DF7-9C2D-4272-9A3B-B0F2B7A2B601}"
EndProject
Global
	GlobalSection(SolutionConfigurationPlatforms) = preSolution
		Debug|Any CPU = Debug|Any CPU
		Release|Any CPU = Release|Any CPU
	EndGlobalSection
	GlobalSection(ProjectConfigurationPlatforms) = postSolution
		{95D62DF7-9C2D-4272-9A3B-B0F2B7A2B601}.Debug|Any CPU.ActiveCfg = Debug|Any CPU
		{95D62DF7-9C2D-4272-9A3B-B0F2B7A2B601}.Debug|Any CPU.Build.0 = Debug|Any CPU
		{95D62DF7-9C2D-4272-9A3B-B0F2B7A2B601}.Release|Any CPU.ActiveCfg = Release|Any CPU
		{95D62DF7-9C2D-4272-9A3B-B0F2B7A2B601}.Release|Any CPU.Build.0 = Release|Any CPU
	EndGlobalSection
	GlobalSection(SolutionProperties) = preSolution
		HideSolutionNode = FALSE
	EndGlobalSection
	GlobalSection(ExtensibilityGlobals) = postSolution
		SolutionGuid = {A53B75DB-23CC-4071-806C-3EE68F47F4A0}
	EndGlobalSection
EndGlobal
