
Microsoft Visual Studio Solution File, Format Version 12.00
# Visual Studio Version 16
VisualStudioVersion = 16.0.31205.134
MinimumVisualStudioVersion = 10.0.40219.1
Project("{9A19103F-16F7-4668-BE54-9A1E7A4F7556}") = "PrimeNumberSum", "PrimeNumberSum.csproj", "{A39E3173-FB60-4121-BE86-280B1F43295C}"
EndProject
Global
	GlobalSection(SolutionConfigurationPlatforms) = preSolution
		Debug|Any CPU = Debug|Any CPU
		Release|Any CPU = Release|Any CPU
	EndGlobalSection
	GlobalSection(ProjectConfigurationPlatforms) = postSolution
		{A39E3173-FB60-4121-BE86-280B1F43295C}.Debug|Any CPU.ActiveCfg = Debug|Any CPU
		{A39E3173-FB60-4121-BE86-280B1F43295C}.Debug|Any CPU.Build.0 = Debug|Any CPU
		{A39E3173-FB60-4121-BE86-280B1F43295C}.Release|Any CPU.ActiveCfg = Release|Any CPU
		{A39E3173-FB60-4121-BE86-280B1F43295C}.Release|Any CPU.Build.0 = Release|Any CPU
	EndGlobalSection
	GlobalSection(SolutionProperties) = preSolution
		HideSolutionNode = FALSE
	EndGlobalSection
	GlobalSection(ExtensibilityGlobals) = postSolution
		SolutionGuid = {0A856187-C919-473C-977F-D8589276CC77}
	EndGlobalSection
EndGlobal
