
Microsoft Visual Studio Solution File, Format Version 12.00
# Visual Studio Version 16
VisualStudioVersion = 16.0.31410.357
MinimumVisualStudioVersion = 10.0.40219.1
Project("{FAE04EC0-301F-11D3-BF4B-00C04F79EFBC}") = "BintoDec", "BintoDec.csproj", "{0350C061-99BA-48B9-A6B2-E5DA5D89910A}"
EndProject
Global
	GlobalSection(SolutionConfigurationPlatforms) = preSolution
		Debug|Any CPU = Debug|Any CPU
		Release|Any CPU = Release|Any CPU
	EndGlobalSection
	GlobalSection(ProjectConfigurationPlatforms) = postSolution
		{0350C061-99BA-48B9-A6B2-E5DA5D89910A}.Debug|Any CPU.ActiveCfg = Debug|Any CPU
		{0350C061-99BA-48B9-A6B2-E5DA5D89910A}.Debug|Any CPU.Build.0 = Debug|Any CPU
		{0350C061-99BA-48B9-A6B2-E5DA5D89910A}.Release|Any CPU.ActiveCfg = Release|Any CPU
		{0350C061-99BA-48B9-A6B2-E5DA5D89910A}.Release|Any CPU.Build.0 = Release|Any CPU
	EndGlobalSection
	GlobalSection(SolutionProperties) = preSolution
		HideSolutionNode = FALSE
	EndGlobalSection
	GlobalSection(ExtensibilityGlobals) = postSolution
		SolutionGuid = {98732CD6-2FF3-4F5F-8145-83DEF1C86AD6}
	EndGlobalSection
EndGlobal
