
Microsoft Visual Studio Solution File, Format Version 12.00
# Visual Studio Version 16
VisualStudioVersion = 16.0.31410.357
MinimumVisualStudioVersion = 10.0.40219.1
Project("{FAE04EC0-301F-11D3-BF4B-00C04F79EFBC}") = "Leaders", "Leaders.csproj", "{7CDA3E38-7E16-4E2E-AF58-4685082F818E}"
EndProject
Global
	GlobalSection(SolutionConfigurationPlatforms) = preSolution
		Debug|Any CPU = Debug|Any CPU
		Release|Any CPU = Release|Any CPU
	EndGlobalSection
	GlobalSection(ProjectConfigurationPlatforms) = postSolution
		{7CDA3E38-7E16-4E2E-AF58-4685082F818E}.Debug|Any CPU.ActiveCfg = Debug|Any CPU
		{7CDA3E38-7E16-4E2E-AF58-4685082F818E}.Debug|Any CPU.Build.0 = Debug|Any CPU
		{7CDA3E38-7E16-4E2E-AF58-4685082F818E}.Release|Any CPU.ActiveCfg = Release|Any CPU
		{7CDA3E38-7E16-4E2E-AF58-4685082F818E}.Release|Any CPU.Build.0 = Release|Any CPU
	EndGlobalSection
	GlobalSection(SolutionProperties) = preSolution
		HideSolutionNode = FALSE
	EndGlobalSection
	GlobalSection(ExtensibilityGlobals) = postSolution
		SolutionGuid = {06AAA451-77DC-4D6E-97FA-22AE06E63CA8}
	EndGlobalSection
EndGlobal
