
Microsoft Visual Studio Solution File, Format Version 12.00
# Visual Studio Version 16
VisualStudioVersion = 16.0.31410.357
MinimumVisualStudioVersion = 10.0.40219.1
Project("{FAE04EC0-301F-11D3-BF4B-00C04F79EFBC}") = "PatternSearch", "PatternSearch.csproj", "{4D55B8E7-AFF2-4DB7-BC2F-766B764BADF0}"
EndProject
Global
	GlobalSection(SolutionConfigurationPlatforms) = preSolution
		Debug|Any CPU = Debug|Any CPU
		Release|Any CPU = Release|Any CPU
	EndGlobalSection
	GlobalSection(ProjectConfigurationPlatforms) = postSolution
		{4D55B8E7-AFF2-4DB7-BC2F-766B764BADF0}.Debug|Any CPU.ActiveCfg = Debug|Any CPU
		{4D55B8E7-AFF2-4DB7-BC2F-766B764BADF0}.Debug|Any CPU.Build.0 = Debug|Any CPU
		{4D55B8E7-AFF2-4DB7-BC2F-766B764BADF0}.Release|Any CPU.ActiveCfg = Release|Any CPU
		{4D55B8E7-AFF2-4DB7-BC2F-766B764BADF0}.Release|Any CPU.Build.0 = Release|Any CPU
	EndGlobalSection
	GlobalSection(SolutionProperties) = preSolution
		HideSolutionNode = FALSE
	EndGlobalSection
	GlobalSection(ExtensibilityGlobals) = postSolution
		SolutionGuid = {8F8016F6-6A3C-4AFE-8A4D-96397573D75E}
	EndGlobalSection
EndGlobal
