
Microsoft Visual Studio Solution File, Format Version 12.00
# Visual Studio Version 16
VisualStudioVersion = 16.0.31410.357
MinimumVisualStudioVersion = 10.0.40219.1
Project("{FAE04EC0-301F-11D3-BF4B-00C04F79EFBC}") = "LongestCommonPrefix", "LongestCommonPrefix.csproj", "{046E56EA-8852-48BB-BB15-7325FB11FA7D}"
EndProject
Global
	GlobalSection(SolutionConfigurationPlatforms) = preSolution
		Debug|Any CPU = Debug|Any CPU
		Release|Any CPU = Release|Any CPU
	EndGlobalSection
	GlobalSection(ProjectConfigurationPlatforms) = postSolution
		{046E56EA-8852-48BB-BB15-7325FB11FA7D}.Debug|Any CPU.ActiveCfg = Debug|Any CPU
		{046E56EA-8852-48BB-BB15-7325FB11FA7D}.Debug|Any CPU.Build.0 = Debug|Any CPU
		{046E56EA-8852-48BB-BB15-7325FB11FA7D}.Release|Any CPU.ActiveCfg = Release|Any CPU
		{046E56EA-8852-48BB-BB15-7325FB11FA7D}.Release|Any CPU.Build.0 = Release|Any CPU
	EndGlobalSection
	GlobalSection(SolutionProperties) = preSolution
		HideSolutionNode = FALSE
	EndGlobalSection
	GlobalSection(ExtensibilityGlobals) = postSolution
		SolutionGuid = {4867D986-C005-495B-9124-002C26A1EF67}
	EndGlobalSection
EndGlobal
