
Microsoft Visual Studio Solution File, Format Version 12.00
# Visual Studio Version 16
VisualStudioVersion = 16.0.31410.357
MinimumVisualStudioVersion = 10.0.40219.1
Project("{FAE04EC0-301F-11D3-BF4B-00C04F79EFBC}") = "BubbleSort", "BubbleSort.csproj", "{4CE09695-D618-465F-98EB-9E61221D4A9D}"
EndProject
Global
	GlobalSection(SolutionConfigurationPlatforms) = preSolution
		Debug|Any CPU = Debug|Any CPU
		Release|Any CPU = Release|Any CPU
	EndGlobalSection
	GlobalSection(ProjectConfigurationPlatforms) = postSolution
		{4CE09695-D618-465F-98EB-9E61221D4A9D}.Debug|Any CPU.ActiveCfg = Debug|Any CPU
		{4CE09695-D618-465F-98EB-9E61221D4A9D}.Debug|Any CPU.Build.0 = Debug|Any CPU
		{4CE09695-D618-465F-98EB-9E61221D4A9D}.Release|Any CPU.ActiveCfg = Release|Any CPU
		{4CE09695-D618-465F-98EB-9E61221D4A9D}.Release|Any CPU.Build.0 = Release|Any CPU
	EndGlobalSection
	GlobalSection(SolutionProperties) = preSolution
		HideSolutionNode = FALSE
	EndGlobalSection
	GlobalSection(ExtensibilityGlobals) = postSolution
		SolutionGuid = {082260C0-F8B1-454C-9921-3CF4E36B8FD7}
	EndGlobalSection
EndGlobal
