
Microsoft Visual Studio Solution File, Format Version 12.00
# Visual Studio Version 16
VisualStudioVersion = 16.0.31410.357
MinimumVisualStudioVersion = 10.0.40219.1
Project("{FAE04EC0-301F-11D3-BF4B-00C04F79EFBC}") = "PrimeNumberSum", "PrimeNumberSum.csproj", "{555F1287-4DA2-422C-A2FF-A425896AA9CF}"
EndProject
Global
	GlobalSection(SolutionConfigurationPlatforms) = preSolution
		Debug|Any CPU = Debug|Any CPU
		Release|Any CPU = Release|Any CPU
	EndGlobalSection
	GlobalSection(ProjectConfigurationPlatforms) = postSolution
		{555F1287-4DA2-422C-A2FF-A425896AA9CF}.Debug|Any CPU.ActiveCfg = Debug|Any CPU
		{555F1287-4DA2-422C-A2FF-A425896AA9CF}.Debug|Any CPU.Build.0 = Debug|Any CPU
		{555F1287-4DA2-422C-A2FF-A425896AA9CF}.Release|Any CPU.ActiveCfg = Release|Any CPU
		{555F1287-4DA2-422C-A2FF-A425896AA9CF}.Release|Any CPU.Build.0 = Release|Any CPU
	EndGlobalSection
	GlobalSection(SolutionProperties) = preSolution
		HideSolutionNode = FALSE
	EndGlobalSection
	GlobalSection(ExtensibilityGlobals) = postSolution
		SolutionGuid = {1B7697CC-5384-47F8-8840-07E4DC723E93}
	EndGlobalSection
EndGlobal
