
Microsoft Visual Studio Solution File, Format Version 12.00
# Visual Studio Version 16
VisualStudioVersion = 16.0.31410.357
MinimumVisualStudioVersion = 10.0.40219.1
Project("{FAE04EC0-301F-11D3-BF4B-00C04F79EFBC}") = "SumListSLL", "SumListSLL.csproj", "{1FD65B1B-EC11-4048-8FEF-5570F29095C0}"
EndProject
Global
	GlobalSection(SolutionConfigurationPlatforms) = preSolution
		Debug|Any CPU = Debug|Any CPU
		Release|Any CPU = Release|Any CPU
	EndGlobalSection
	GlobalSection(ProjectConfigurationPlatforms) = postSolution
		{1FD65B1B-EC11-4048-8FEF-5570F29095C0}.Debug|Any CPU.ActiveCfg = Debug|Any CPU
		{1FD65B1B-EC11-4048-8FEF-5570F29095C0}.Debug|Any CPU.Build.0 = Debug|Any CPU
		{1FD65B1B-EC11-4048-8FEF-5570F29095C0}.Release|Any CPU.ActiveCfg = Release|Any CPU
		{1FD65B1B-EC11-4048-8FEF-5570F29095C0}.Release|Any CPU.Build.0 = Release|Any CPU
	EndGlobalSection
	GlobalSection(SolutionProperties) = preSolution
		HideSolutionNode = FALSE
	EndGlobalSection
	GlobalSection(ExtensibilityGlobals) = postSolution
		SolutionGuid = {62E5C049-9070-492E-A786-E5B5B567EA1E}
	EndGlobalSection
EndGlobal
