
Microsoft Visual Studio Solution File, Format Version 12.00
# Visual Studio Version 16
VisualStudioVersion = 16.0.31410.357
MinimumVisualStudioVersion = 10.0.40219.1
Project("{FAE04EC0-301F-11D3-BF4B-00C04F79EFBC}") = "LCMGCD", "LCMGCD.csproj", "{C8A282FA-7A48-46BD-86F3-5E8DAD183211}"
EndProject
Global
	GlobalSection(SolutionConfigurationPlatforms) = preSolution
		Debug|Any CPU = Debug|Any CPU
		Release|Any CPU = Release|Any CPU
	EndGlobalSection
	GlobalSection(ProjectConfigurationPlatforms) = postSolution
		{C8A282FA-7A48-46BD-86F3-5E8DAD183211}.Debug|Any CPU.ActiveCfg = Debug|Any CPU
		{C8A282FA-7A48-46BD-86F3-5E8DAD183211}.Debug|Any CPU.Build.0 = Debug|Any CPU
		{C8A282FA-7A48-46BD-86F3-5E8DAD183211}.Release|Any CPU.ActiveCfg = Release|Any CPU
		{C8A282FA-7A48-46BD-86F3-5E8DAD183211}.Release|Any CPU.Build.0 = Release|Any CPU
	EndGlobalSection
	GlobalSection(SolutionProperties) = preSolution
		HideSolutionNode = FALSE
	EndGlobalSection
	GlobalSection(ExtensibilityGlobals) = postSolution
		SolutionGuid = {8145168C-2723-4A1E-B014-AC500655FF41}
	EndGlobalSection
EndGlobal
