
Microsoft Visual Studio Solution File, Format Version 12.00
# Visual Studio Version 16
VisualStudioVersion = 16.0.31410.357
MinimumVisualStudioVersion = 10.0.40219.1
Project("{FAE04EC0-301F-11D3-BF4B-00C04F79EFBC}") = "SimpleLinqQtofindeven", "SimpleLinqQtofindeven.csproj", "{918214B2-8B64-46C8-AC3E-B42E8F04CE7E}"
EndProject
Global
	GlobalSection(SolutionConfigurationPlatforms) = preSolution
		Debug|Any CPU = Debug|Any CPU
		Release|Any CPU = Release|Any CPU
	EndGlobalSection
	GlobalSection(ProjectConfigurationPlatforms) = postSolution
		{918214B2-8B64-46C8-AC3E-B42E8F04CE7E}.Debug|Any CPU.ActiveCfg = Debug|Any CPU
		{918214B2-8B64-46C8-AC3E-B42E8F04CE7E}.Debug|Any CPU.Build.0 = Debug|Any CPU
		{918214B2-8B64-46C8-AC3E-B42E8F04CE7E}.Release|Any CPU.ActiveCfg = Release|Any CPU
		{918214B2-8B64-46C8-AC3E-B42E8F04CE7E}.Release|Any CPU.Build.0 = Release|Any CPU
	EndGlobalSection
	GlobalSection(SolutionProperties) = preSolution
		HideSolutionNode = FALSE
	EndGlobalSection
	GlobalSection(ExtensibilityGlobals) = postSolution
		SolutionGuid = {EF006653-5F58-401C-A2C0-944F537CD1CE}
	EndGlobalSection
EndGlobal
